
Microsoft Visual Studio Solution File, Format Version 12.00
# Visual Studio 14
VisualStudioVersion = 14.0.25420.1
MinimumVisualStudioVersion = 10.0.40219.1
Project("{FAE04EC0-301F-11D3-BF4B-00C04F79EFBC}") = "MuBoxes", "MuBox\MuBoxes.csproj", "{FF8E2801-DB9C-4B73-A504-9E1F2646869F}"
EndProject
Global
	GlobalSection(SolutionConfigurationPlatforms) = preSolution
		Debug|Any CPU = Debug|Any CPU
		Release|Any CPU = Release|Any CPU
	EndGlobalSection
	GlobalSection(ProjectConfigurationPlatforms) = postSolution
		{FF8E2801-DB9C-4B73-A504-9E1F2646869F}.Debug|Any CPU.ActiveCfg = Debug|Any CPU
		{FF8E2801-DB9C-4B73-A504-9E1F2646869F}.Debug|Any CPU.Build.0 = Debug|Any CPU
		{FF8E2801-DB9C-4B73-A504-9E1F2646869F}.Release|Any CPU.ActiveCfg = Release|Any CPU
		{FF8E2801-DB9C-4B73-A504-9E1F2646869F}.Release|Any CPU.Build.0 = Release|Any CPU
	EndGlobalSection
	GlobalSection(SolutionProperties) = preSolution
		HideSolutionNode = FALSE
	EndGlobalSection
EndGlobal
